
Microsoft Visual Studio Solution File, Format Version 12.00
# Visual Studio Version 16
VisualStudioVersion = 16.0.34902.97
MinimumVisualStudioVersion = 10.0.40219.1
Project("{FAE04EC0-301F-11D3-BF4B-00C04F79EFBC}") = "nhom10_CosmeticsShop", "nhom10_CosmeticsShop.csproj", "{B2A282D2-C02A-4653-AAFA-AA5FA7EE0522}"
EndProject
Global
	GlobalSection(SolutionConfigurationPlatforms) = preSolution
		Debug|Any CPU = Debug|Any CPU
		Release|Any CPU = Release|Any CPU
	EndGlobalSection
	GlobalSection(ProjectConfigurationPlatforms) = postSolution
		{B2A282D2-C02A-4653-AAFA-AA5FA7EE0522}.Debug|Any CPU.ActiveCfg = Debug|Any CPU
		{B2A282D2-C02A-4653-AAFA-AA5FA7EE0522}.Debug|Any CPU.Build.0 = Debug|Any CPU
		{B2A282D2-C02A-4653-AAFA-AA5FA7EE0522}.Release|Any CPU.ActiveCfg = Release|Any CPU
		{B2A282D2-C02A-4653-AAFA-AA5FA7EE0522}.Release|Any CPU.Build.0 = Release|Any CPU
	EndGlobalSection
	GlobalSection(SolutionProperties) = preSolution
		HideSolutionNode = FALSE
	EndGlobalSection
	GlobalSection(ExtensibilityGlobals) = postSolution
		SolutionGuid = {7BF8156C-E283-4D55-AD92-FE2E0BF3E1B2}
	EndGlobalSection
EndGlobal
